// !$*UTF8*$!
{
	archiveVersion = 1;
	classes = {
	};
	objectVersion = 77;
	objects = {

/* Begin PBXBuildFile section */
		0CD3114D2E35F700002D46EF /* MediaLibraryPresentation in Frameworks */ = {isa = PBXBuildFile; productRef = 0CD3114C2E35F700002D46EF /* MediaLibraryPresentation */; };
/* End PBXBuildFile section */

/* Begin PBXContainerItemProxy section */
		0CD311222E35F621002D46EF /* PBXContainerItemProxy */ = {
			isa = PBXContainerItemProxy;
			containerPortal = 0CD3110C2E35F620002D46EF /* Project object */;
			proxyType = 1;
			remoteGlobalIDString = 0CD311132E35F620002D46EF;
			remoteInfo = "media-library-demo";
		};
		0CD3112C2E35F621002D46EF /* PBXContainerItemProxy */ = {
			isa = PBXContainerItemProxy;
			containerPortal = 0CD3110C2E35F620002D46EF /* Project object */;
			proxyType = 1;
			remoteGlobalIDString = 0CD311132E35F620002D46EF;
			remoteInfo = "media-library-demo";
		};
/* End PBXContainerItemProxy section */

/* Begin PBXFileReference section */
		0CD311142E35F620002D46EF /* media-library-demo.app */ = {isa = PBXFileReference; explicitFileType = wrapper.application; includeInIndex = 0; path = "media-library-demo.app"; sourceTree = BUILT_PRODUCTS_DIR; };
		0CD311212E35F621002D46EF /* media-library-demoTests.xctest */ = {isa = PBXFileReference; explicitFileType = wrapper.cfbundle; includeInIndex = 0; path = "media-library-demoTests.xctest"; sourceTree = BUILT_PRODUCTS_DIR; };
		0CD3112B2E35F621002D46EF /* media-library-demoUITests.xctest */ = {isa = PBXFileReference; explicitFileType = wrapper.cfbundle; includeInIndex = 0; path = "media-library-demoUITests.xctest"; sourceTree = BUILT_PRODUCTS_DIR; };
/* End PBXFileReference section */

/* Begin PBXFileSystemSynchronizedRootGroup section */
		0CD311162E35F620002D46EF /* media-library-demo */ = {
			isa = PBXFileSystemSynchronizedRootGroup;
			path = "media-library-demo";
			sourceTree = "<group>";
		};
		0CD311242E35F621002D46EF /* media-library-demoTests */ = {
			isa = PBXFileSystemSynchronizedRootGroup;
			path = "media-library-demoTests";
			sourceTree = "<group>";
		};
		0CD3112E2E35F621002D46EF /* media-library-demoUITests */ = {
			isa = PBXFileSystemSynchronizedRootGroup;
			path = "media-library-demoUITests";
			sourceTree = "<group>";
		};
/* End PBXFileSystemSynchronizedRootGroup section */

/* Begin PBXFrameworksBuildPhase section */
		0CD311112E35F620002D46EF /* Frameworks */ = {
			isa = PBXFrameworksBuildPhase;
			buildActionMask = 2147483647;
			files = (
				0CD3114D2E35F700002D46EF /* MediaLibraryPresentation in Frameworks */,
			);
			runOnlyForDeploymentPostprocessing = 0;
		};
		0CD3111E2E35F621002D46EF /* Frameworks */ = {
			isa = PBXFrameworksBuildPhase;
			buildActionMask = 2147483647;
			files = (
			);
			runOnlyForDeploymentPostprocessing = 0;
		};
		0CD311282E35F621002D46EF /* Frameworks */ = {
			isa = PBXFrameworksBuildPhase;
			buildActionMask = 2147483647;
			files = (
			);
			runOnlyForDeploymentPostprocessing = 0;
		};
/* End PBXFrameworksBuildPhase section */

/* Begin PBXGroup section */
		0CD3110B2E35F620002D46EF = {
			isa = PBXGroup;
			children = (
				0CD311162E35F620002D46EF /* media-library-demo */,
				0CD311242E35F621002D46EF /* media-library-demoTests */,
				0CD3112E2E35F621002D46EF /* media-library-demoUITests */,
				0CD3114B2E35F700002D46EF /* Frameworks */,
				0CD311152E35F620002D46EF /* Products */,
			);
			sourceTree = "<group>";
		};
		0CD311152E35F620002D46EF /* Products */ = {
			isa = PBXGroup;
			children = (
				0CD311142E35F620002D46EF /* media-library-demo.app */,
				0CD311212E35F621002D46EF /* media-library-demoTests.xctest */,
				0CD3112B2E35F621002D46EF /* media-library-demoUITests.xctest */,
			);
			name = Products;
			sourceTree = "<group>";
		};
		0CD3114B2E35F700002D46EF /* Frameworks */ = {
			isa = PBXGroup;
			children = (
			);
			name = Frameworks;
			sourceTree = "<group>";
		};
/* End PBXGroup section */

/* Begin PBXNativeTarget section */
		0CD311132E35F620002D46EF /* media-library-demo */ = {
			isa = PBXNativeTarget;
			buildConfigurationList = 0CD311352E35F621002D46EF /* Build configuration list for PBXNativeTarget "media-library-demo" */;
			buildPhases = (
				0CD311102E35F620002D46EF /* Sources */,
				0CD311112E35F620002D46EF /* Frameworks */,
				0CD311122E35F620002D46EF /* Resources */,
			);
			buildRules = (
			);
			dependencies = (
			);
			fileSystemSynchronizedGroups = (
				0CD311162E35F620002D46EF /* media-library-demo */,
			);
			name = "media-library-demo";
			packageProductDependencies = (
				0CD3114C2E35F700002D46EF /* MediaLibraryPresentation */,
			);
			productName = "media-library-demo";
			productReference = 0CD311142E35F620002D46EF /* media-library-demo.app */;
			productType = "com.apple.product-type.application";
		};
		0CD311202E35F621002D46EF /* media-library-demoTests */ = {
			isa = PBXNativeTarget;
			buildConfigurationList = 0CD311382E35F621002D46EF /* Build configuration list for PBXNativeTarget "media-library-demoTests" */;
			buildPhases = (
				0CD3111D2E35F621002D46EF /* Sources */,
				0CD3111E2E35F621002D46EF /* Frameworks */,
				0CD3111F2E35F621002D46EF /* Resources */,
			);
			buildRules = (
			);
			dependencies = (
				0CD311232E35F621002D46EF /* PBXTargetDependency */,
			);
			fileSystemSynchronizedGroups = (
				0CD311242E35F621002D46EF /* media-library-demoTests */,
			);
			name = "media-library-demoTests";
			packageProductDependencies = (
			);
			productName = "media-library-demoTests";
			productReference = 0CD311212E35F621002D46EF /* media-library-demoTests.xctest */;
			productType = "com.apple.product-type.bundle.unit-test";
		};
		0CD3112A2E35F621002D46EF /* media-library-demoUITests */ = {
			isa = PBXNativeTarget;
			buildConfigurationList = 0CD3113B2E35F621002D46EF /* Build configuration list for PBXNativeTarget "media-library-demoUITests" */;
			buildPhases = (
				0CD311272E35F621002D46EF /* Sources */,
				0CD311282E35F621002D46EF /* Frameworks */,
				0CD311292E35F621002D46EF /* Resources */,
			);
			buildRules = (
			);
			dependencies = (
				0CD3112D2E35F621002D46EF /* PBXTargetDependency */,
			);
			fileSystemSynchronizedGroups = (
				0CD3112E2E35F621002D46EF /* media-library-demoUITests */,
			);
			name = "media-library-demoUITests";
			packageProductDependencies = (
			);
			productName = "media-library-demoUITests";
			productReference = 0CD3112B2E35F621002D46EF /* media-library-demoUITests.xctest */;
			productType = "com.apple.product-type.bundle.ui-testing";
		};
/* End PBXNativeTarget section */

/* Begin PBXProject section */
		0CD3110C2E35F620002D46EF /* Project object */ = {
			isa = PBXProject;
			attributes = {
				BuildIndependentTargetsInParallel = 1;
				LastSwiftUpdateCheck = 2600;
				LastUpgradeCheck = 2600;
				TargetAttributes = {
					0CD311132E35F620002D46EF = {
						CreatedOnToolsVersion = 26.0;
					};
					0CD311202E35F621002D46EF = {
						CreatedOnToolsVersion = 26.0;
						TestTargetID = 0CD311132E35F620002D46EF;
					};
					0CD3112A2E35F621002D46EF = {
						CreatedOnToolsVersion = 26.0;
						TestTargetID = 0CD311132E35F620002D46EF;
					};
				};
			};
			buildConfigurationList = 0CD3110F2E35F620002D46EF /* Build configuration list for PBXProject "media-library-demo" */;
			developmentRegion = en;
			hasScannedForEncodings = 0;
			knownRegions = (
				en,
				Base,
			);
			mainGroup = 0CD3110B2E35F620002D46EF;
			minimizedProjectReferenceProxies = 1;
			packageReferences = (
				0CD3114A2E35F6AD002D46EF /* XCLocalSwiftPackageReference "../../MediaLibrary" */,
			);
			preferredProjectObjectVersion = 77;
			productRefGroup = 0CD311152E35F620002D46EF /* Products */;
			projectDirPath = "";
			projectRoot = "";
			targets = (
				0CD311132E35F620002D46EF /* media-library-demo */,
				0CD311202E35F621002D46EF /* media-library-demoTests */,
				0CD3112A2E35F621002D46EF /* media-library-demoUITests */,
			);
		};
/* End PBXProject section */

/* Begin PBXResourcesBuildPhase section */
		0CD311122E35F620002D46EF /* Resources */ = {
			isa = PBXResourcesBuildPhase;
			buildActionMask = 2147483647;
			files = (
			);
			runOnlyForDeploymentPostprocessing = 0;
		};
		0CD3111F2E35F621002D46EF /* Resources */ = {
			isa = PBXResourcesBuildPhase;
			buildActionMask = 2147483647;
			files = (
			);
			runOnlyForDeploymentPostprocessing = 0;
		};
		0CD311292E35F621002D46EF /* Resources */ = {
			isa = PBXResourcesBuildPhase;
			buildActionMask = 2147483647;
			files = (
			);
			runOnlyForDeploymentPostprocessing = 0;
		};
/* End PBXResourcesBuildPhase section */

/* Begin PBXSourcesBuildPhase section */
		0CD311102E35F620002D46EF /* Sources */ = {
			isa = PBXSourcesBuildPhase;
			buildActionMask = 2147483647;
			files = (
			);
			runOnlyForDeploymentPostprocessing = 0;
		};
		0CD3111D2E35F621002D46EF /* Sources */ = {
			isa = PBXSourcesBuildPhase;
			buildActionMask = 2147483647;
			files = (
			);
			runOnlyForDeploymentPostprocessing = 0;
		};
		0CD311272E35F621002D46EF /* Sources */ = {
			isa = PBXSourcesBuildPhase;
			buildActionMask = 2147483647;
			files = (
			);
			runOnlyForDeploymentPostprocessing = 0;
		};
/* End PBXSourcesBuildPhase section */

/* Begin PBXTargetDependency section */
		0CD311232E35F621002D46EF /* PBXTargetDependency */ = {
			isa = PBXTargetDependency;
			target = 0CD311132E35F620002D46EF /* media-library-demo */;
			targetProxy = 0CD311222E35F621002D46EF /* PBXContainerItemProxy */;
		};
		0CD3112D2E35F621002D46EF /* PBXTargetDependency */ = {
			isa = PBXTargetDependency;
			target = 0CD311132E35F620002D46EF /* media-library-demo */;
			targetProxy = 0CD3112C2E35F621002D46EF /* PBXContainerItemProxy */;
		};
/* End PBXTargetDependency section */

/* Begin XCBuildConfiguration section */
		0CD311332E35F621002D46EF /* Debug */ = {
			isa = XCBuildConfiguration;
			buildSettings = {
				ALWAYS_SEARCH_USER_PATHS = NO;
				ASSETCATALOG_COMPILER_GENERATE_SWIFT_ASSET_SYMBOL_EXTENSIONS = YES;
				CLANG_ANALYZER_NONNULL = YES;
				CLANG_ANALYZER_NUMBER_OBJECT_CONVERSION = YES_AGGRESSIVE;
				CLANG_CXX_LANGUAGE_STANDARD = "gnu++20";
				CLANG_ENABLE_MODULES = YES;
				CLANG_ENABLE_OBJC_ARC = YES;
				CLANG_ENABLE_OBJC_WEAK = YES;
				CLANG_WARN_BLOCK_CAPTURE_AUTORELEASING = YES;
				CLANG_WARN_BOOL_CONVERSION = YES;
				CLANG_WARN_COMMA = YES;
				CLANG_WARN_CONSTANT_CONVERSION = YES;
				CLANG_WARN_DEPRECATED_OBJC_IMPLEMENTATIONS = YES;
				CLANG_WARN_DIRECT_OBJC_ISA_USAGE = YES_ERROR;
				CLANG_WARN_DOCUMENTATION_COMMENTS = YES;
				CLANG_WARN_EMPTY_BODY = YES;
				CLANG_WARN_ENUM_CONVERSION = YES;
				CLANG_WARN_INFINITE_RECURSION = YES;
				CLANG_WARN_INT_CONVERSION = YES;
				CLANG_WARN_NON_LITERAL_NULL_CONVERSION = YES;
				CLANG_WARN_OBJC_IMPLICIT_RETAIN_SELF = YES;
				CLANG_WARN_OBJC_LITERAL_CONVERSION = YES;
				CLANG_WARN_OBJC_ROOT_CLASS = YES_ERROR;
				CLANG_WARN_QUOTED_INCLUDE_IN_FRAMEWORK_HEADER = YES;
				CLANG_WARN_RANGE_LOOP_ANALYSIS = YES;
				CLANG_WARN_STRICT_PROTOTYPES = YES;
				CLANG_WARN_SUSPICIOUS_MOVE = YES;
				CLANG_WARN_UNGUARDED_AVAILABILITY = YES_AGGRESSIVE;
				CLANG_WARN_UNREACHABLE_CODE = YES;
				CLANG_WARN__DUPLICATE_METHOD_MATCH = YES;
				COPY_PHASE_STRIP = NO;
				DEBUG_INFORMATION_FORMAT = dwarf;
				DEVELOPMENT_TEAM = U2W9UR892A;
				ENABLE_STRICT_OBJC_MSGSEND = YES;
				ENABLE_TESTABILITY = YES;
				ENABLE_USER_SCRIPT_SANDBOXING = YES;
				GCC_C_LANGUAGE_STANDARD = gnu17;
				GCC_DYNAMIC_NO_PIC = NO;
				GCC_NO_COMMON_BLOCKS = YES;
				GCC_OPTIMIZATION_LEVEL = 0;
				GCC_PREPROCESSOR_DEFINITIONS = (
					"DEBUG=1",
					"$(inherited)",
				);
				GCC_WARN_64_TO_32_BIT_CONVERSION = YES;
				GCC_WARN_ABOUT_RETURN_TYPE = YES_ERROR;
				GCC_WARN_UNDECLARED_SELECTOR = YES;
				GCC_WARN_UNINITIALIZED_AUTOS = YES_AGGRESSIVE;
				GCC_WARN_UNUSED_FUNCTION = YES;
				GCC_WARN_UNUSED_VARIABLE = YES;
				IPHONEOS_DEPLOYMENT_TARGET = 26.0;
				LOCALIZATION_PREFERS_STRING_CATALOGS = YES;
				MTL_ENABLE_DEBUG_INFO = INCLUDE_SOURCE;
				MTL_FAST_MATH = YES;
				ONLY_ACTIVE_ARCH = YES;
				SDKROOT = iphoneos;
				SWIFT_ACTIVE_COMPILATION_CONDITIONS = "DEBUG $(inherited)";
				SWIFT_OPTIMIZATION_LEVEL = "-Onone";
			};
			name = Debug;
		};
		0CD311342E35F621002D46EF /* Release */ = {
			isa = XCBuildConfiguration;
			buildSettings = {
				ALWAYS_SEARCH_USER_PATHS = NO;
				ASSETCATALOG_COMPILER_GENERATE_SWIFT_ASSET_SYMBOL_EXTENSIONS = YES;
				CLANG_ANALYZER_NONNULL = YES;
				CLANG_ANALYZER_NUMBER_OBJECT_CONVERSION = YES_AGGRESSIVE;
				CLANG_CXX_LANGUAGE_STANDARD = "gnu++20";
				CLANG_ENABLE_MODULES = YES;
				CLANG_ENABLE_OBJC_ARC = YES;
				CLANG_ENABLE_OBJC_WEAK = YES;
				CLANG_WARN_BLOCK_CAPTURE_AUTORELEASING = YES;
				CLANG_WARN_BOOL_CONVERSION = YES;
				CLANG_WARN_COMMA = YES;
				CLANG_WARN_CONSTANT_CONVERSION = YES;
				CLANG_WARN_DEPRECATED_OBJC_IMPLEMENTATIONS = YES;
				CLANG_WARN_DIRECT_OBJC_ISA_USAGE = YES_ERROR;
				CLANG_WARN_DOCUMENTATION_COMMENTS = YES;
				CLANG_WARN_EMPTY_BODY = YES;
				CLANG_WARN_ENUM_CONVERSION = YES;
				CLANG_WARN_INFINITE_RECURSION = YES;
				CLANG_WARN_INT_CONVERSION = YES;
				CLANG_WARN_NON_LITERAL_NULL_CONVERSION = YES;
				CLANG_WARN_OBJC_IMPLICIT_RETAIN_SELF = YES;
				CLANG_WARN_OBJC_LITERAL_CONVERSION = YES;
				CLANG_WARN_OBJC_ROOT_CLASS = YES_ERROR;
				CLANG_WARN_QUOTED_INCLUDE_IN_FRAMEWORK_HEADER = YES;
				CLANG_WARN_RANGE_LOOP_ANALYSIS = YES;
				CLANG_WARN_STRICT_PROTOTYPES = YES;
				CLANG_WARN_SUSPICIOUS_MOVE = YES;
				CLANG_WARN_UNGUARDED_AVAILABILITY = YES_AGGRESSIVE;
				CLANG_WARN_UNREACHABLE_CODE = YES;
				CLANG_WARN__DUPLICATE_METHOD_MATCH = YES;
				COPY_PHASE_STRIP = NO;
				DEBUG_INFORMATION_FORMAT = "dwarf-with-dsym";
				DEVELOPMENT_TEAM = U2W9UR892A;
				ENABLE_NS_ASSERTIONS = NO;
				ENABLE_STRICT_OBJC_MSGSEND = YES;
				ENABLE_USER_SCRIPT_SANDBOXING = YES;
				GCC_C_LANGUAGE_STANDARD = gnu17;
				GCC_NO_COMMON_BLOCKS = YES;
				GCC_WARN_64_TO_32_BIT_CONVERSION = YES;
				GCC_WARN_ABOUT_RETURN_TYPE = YES_ERROR;
				GCC_WARN_UNDECLARED_SELECTOR = YES;
				GCC_WARN_UNINITIALIZED_AUTOS = YES_AGGRESSIVE;
				GCC_WARN_UNUSED_FUNCTION = YES;
				GCC_WARN_UNUSED_VARIABLE = YES;
				IPHONEOS_DEPLOYMENT_TARGET = 26.0;
				LOCALIZATION_PREFERS_STRING_CATALOGS = YES;
				MTL_ENABLE_DEBUG_INFO = NO;
				MTL_FAST_MATH = YES;
				SDKROOT = iphoneos;
				SWIFT_COMPILATION_MODE = wholemodule;
				VALIDATE_PRODUCT = YES;
			};
			name = Release;
		};
		0CD311362E35F621002D46EF /* Debug */ = {
			isa = XCBuildConfiguration;
			buildSettings = {
				ASSETCATALOG_COMPILER_APPICON_NAME = AppIcon;
				ASSETCATALOG_COMPILER_GLOBAL_ACCENT_COLOR_NAME = AccentColor;
				CODE_SIGN_STYLE = Automatic;
				CURRENT_PROJECT_VERSION = 1;
				DEVELOPMENT_TEAM = U2W9UR892A;
				ENABLE_PREVIEWS = YES;
				GENERATE_INFOPLIST_FILE = YES;
				INFOPLIST_KEY_NSPhotoLibraryAddUsageDescription = "This app needs access to your photo library to save photos.";
				INFOPLIST_KEY_NSPhotoLibraryUsageDescription = "This app needs access to your photo library to display and manage photos.";
				INFOPLIST_KEY_UIApplicationSceneManifest_Generation = YES;
				INFOPLIST_KEY_UIApplicationSupportsIndirectInputEvents = YES;
				INFOPLIST_KEY_UILaunchScreen_Generation = YES;
				INFOPLIST_KEY_UISupportedInterfaceOrientations_iPad = "UIInterfaceOrientationPortrait UIInterfaceOrientationPortraitUpsideDown UIInterfaceOrientationLandscapeLeft UIInterfaceOrientationLandscapeRight";
				INFOPLIST_KEY_UISupportedInterfaceOrientations_iPhone = "UIInterfaceOrientationPortrait UIInterfaceOrientationLandscapeLeft UIInterfaceOrientationLandscapeRight";
				IPHONEOS_DEPLOYMENT_TARGET = 15.6;
				LD_RUNPATH_SEARCH_PATHS = (
					"$(inherited)",
					"@executable_path/Frameworks",
				);
				MARKETING_VERSION = 1.0;
				PRODUCT_BUNDLE_IDENTIFIER = "com.haludoll.media-library-demo";
				PRODUCT_NAME = "$(TARGET_NAME)";
				STRING_CATALOG_GENERATE_SYMBOLS = YES;
				SUPPORTED_PLATFORMS = "iphoneos iphonesimulator";
				SUPPORTS_MACCATALYST = NO;
				SUPPORTS_MAC_DESIGNED_FOR_IPHONE_IPAD = NO;
				SUPPORTS_XR_DESIGNED_FOR_IPHONE_IPAD = NO;
				SWIFT_DEFAULT_ACTOR_ISOLATION = MainActor;
				SWIFT_EMIT_LOC_STRINGS = YES;
				SWIFT_UPCOMING_FEATURE_MEMBER_IMPORT_VISIBILITY = YES;
				SWIFT_VERSION = 5.0;
				TARGETED_DEVICE_FAMILY = 1;
			};
			name = Debug;
		};
		0CD311372E35F621002D46EF /* Release */ = {
			isa = XCBuildConfiguration;
			buildSettings = {
				ASSETCATALOG_COMPILER_APPICON_NAME = AppIcon;
				ASSETCATALOG_COMPILER_GLOBAL_ACCENT_COLOR_NAME = AccentColor;
				CODE_SIGN_STYLE = Automatic;
				CURRENT_PROJECT_VERSION = 1;
				DEVELOPMENT_TEAM = U2W9UR892A;
				ENABLE_PREVIEWS = YES;
				GENERATE_INFOPLIST_FILE = YES;
				INFOPLIST_KEY_NSPhotoLibraryAddUsageDescription = "This app needs access to your photo library to save photos.";
				INFOPLIST_KEY_NSPhotoLibraryUsageDescription = "This app needs access to your photo library to display and manage photos.";
				INFOPLIST_KEY_UIApplicationSceneManifest_Generation = YES;
				INFOPLIST_KEY_UIApplicationSupportsIndirectInputEvents = YES;
				INFOPLIST_KEY_UILaunchScreen_Generation = YES;
				INFOPLIST_KEY_UISupportedInterfaceOrientations_iPad = "UIInterfaceOrientationPortrait UIInterfaceOrientationPortraitUpsideDown UIInterfaceOrientationLandscapeLeft UIInterfaceOrientationLandscapeRight";
				INFOPLIST_KEY_UISupportedInterfaceOrientations_iPhone = "UIInterfaceOrientationPortrait UIInterfaceOrientationLandscapeLeft UIInterfaceOrientationLandscapeRight";
				IPHONEOS_DEPLOYMENT_TARGET = 15.6;
				LD_RUNPATH_SEARCH_PATHS = (
					"$(inherited)",
					"@executable_path/Frameworks",
				);
				MARKETING_VERSION = 1.0;
				PRODUCT_BUNDLE_IDENTIFIER = "com.haludoll.media-library-demo";
				PRODUCT_NAME = "$(TARGET_NAME)";
				STRING_CATALOG_GENERATE_SYMBOLS = YES;
				SUPPORTED_PLATFORMS = "iphoneos iphonesimulator";
				SUPPORTS_MACCATALYST = NO;
				SUPPORTS_MAC_DESIGNED_FOR_IPHONE_IPAD = NO;
				SUPPORTS_XR_DESIGNED_FOR_IPHONE_IPAD = NO;
				SWIFT_DEFAULT_ACTOR_ISOLATION = MainActor;
				SWIFT_EMIT_LOC_STRINGS = YES;
				SWIFT_UPCOMING_FEATURE_MEMBER_IMPORT_VISIBILITY = YES;
				SWIFT_VERSION = 5.0;
				TARGETED_DEVICE_FAMILY = 1;
			};
			name = Release;
		};
		0CD311392E35F621002D46EF /* Debug */ = {
			isa = XCBuildConfiguration;
			buildSettings = {
				BUNDLE_LOADER = "$(TEST_HOST)";
				CODE_SIGN_STYLE = Automatic;
				CURRENT_PROJECT_VERSION = 1;
				DEVELOPMENT_TEAM = U2W9UR892A;
				GENERATE_INFOPLIST_FILE = YES;
				IPHONEOS_DEPLOYMENT_TARGET = 26.0;
				MARKETING_VERSION = 1.0;
				PRODUCT_BUNDLE_IDENTIFIER = "com.haludoll.media-library-demoTests";
				PRODUCT_NAME = "$(TARGET_NAME)";
				STRING_CATALOG_GENERATE_SYMBOLS = NO;
				SWIFT_EMIT_LOC_STRINGS = NO;
				SWIFT_UPCOMING_FEATURE_MEMBER_IMPORT_VISIBILITY = YES;
				SWIFT_VERSION = 5.0;
				TARGETED_DEVICE_FAMILY = "1,2";
				TEST_HOST = "$(BUILT_PRODUCTS_DIR)/media-library-demo.app/$(BUNDLE_EXECUTABLE_FOLDER_PATH)/media-library-demo";
			};
			name = Debug;
		};
		0CD3113A2E35F621002D46EF /* Release */ = {
			isa = XCBuildConfiguration;
			buildSettings = {
				BUNDLE_LOADER = "$(TEST_HOST)";
				CODE_SIGN_STYLE = Automatic;
				CURRENT_PROJECT_VERSION = 1;
				DEVELOPMENT_TEAM = U2W9UR892A;
				GENERATE_INFOPLIST_FILE = YES;
				IPHONEOS_DEPLOYMENT_TARGET = 26.0;
				MARKETING_VERSION = 1.0;
				PRODUCT_BUNDLE_IDENTIFIER = "com.haludoll.media-library-demoTests";
				PRODUCT_NAME = "$(TARGET_NAME)";
				STRING_CATALOG_GENERATE_SYMBOLS = NO;
				SWIFT_EMIT_LOC_STRINGS = NO;
				SWIFT_UPCOMING_FEATURE_MEMBER_IMPORT_VISIBILITY = YES;
				SWIFT_VERSION = 5.0;
				TARGETED_DEVICE_FAMILY = "1,2";
				TEST_HOST = "$(BUILT_PRODUCTS_DIR)/media-library-demo.app/$(BUNDLE_EXECUTABLE_FOLDER_PATH)/media-library-demo";
			};
			name = Release;
		};
		0CD3113C2E35F621002D46EF /* Debug */ = {
			isa = XCBuildConfiguration;
			buildSettings = {
				CODE_SIGN_STYLE = Automatic;
				CURRENT_PROJECT_VERSION = 1;
				DEVELOPMENT_TEAM = U2W9UR892A;
				GENERATE_INFOPLIST_FILE = YES;
				MARKETING_VERSION = 1.0;
				PRODUCT_BUNDLE_IDENTIFIER = "com.haludoll.media-library-demoUITests";
				PRODUCT_NAME = "$(TARGET_NAME)";
				STRING_CATALOG_GENERATE_SYMBOLS = NO;
				SWIFT_EMIT_LOC_STRINGS = NO;
				SWIFT_UPCOMING_FEATURE_MEMBER_IMPORT_VISIBILITY = YES;
				SWIFT_VERSION = 5.0;
				TARGETED_DEVICE_FAMILY = "1,2";
				TEST_TARGET_NAME = "media-library-demo";
			};
			name = Debug;
		};
		0CD3113D2E35F621002D46EF /* Release */ = {
			isa = XCBuildConfiguration;
			buildSettings = {
				CODE_SIGN_STYLE = Automatic;
				CURRENT_PROJECT_VERSION = 1;
				DEVELOPMENT_TEAM = U2W9UR892A;
				GENERATE_INFOPLIST_FILE = YES;
				MARKETING_VERSION = 1.0;
				PRODUCT_BUNDLE_IDENTIFIER = "com.haludoll.media-library-demoUITests";
				PRODUCT_NAME = "$(TARGET_NAME)";
				STRING_CATALOG_GENERATE_SYMBOLS = NO;
				SWIFT_EMIT_LOC_STRINGS = NO;
				SWIFT_UPCOMING_FEATURE_MEMBER_IMPORT_VISIBILITY = YES;
				SWIFT_VERSION = 5.0;
				TARGETED_DEVICE_FAMILY = "1,2";
				TEST_TARGET_NAME = "media-library-demo";
			};
			name = Release;
		};
/* End XCBuildConfiguration section */

/* Begin XCConfigurationList section */
		0CD3110F2E35F620002D46EF /* Build configuration list for PBXProject "media-library-demo" */ = {
			isa = XCConfigurationList;
			buildConfigurations = (
				0CD311332E35F621002D46EF /* Debug */,
				0CD311342E35F621002D46EF /* Release */,
			);
			defaultConfigurationIsVisible = 0;
			defaultConfigurationName = Release;
		};
		0CD311352E35F621002D46EF /* Build configuration list for PBXNativeTarget "media-library-demo" */ = {
			isa = XCConfigurationList;
			buildConfigurations = (
				0CD311362E35F621002D46EF /* Debug */,
				0CD311372E35F621002D46EF /* Release */,
			);
			defaultConfigurationIsVisible = 0;
			defaultConfigurationName = Release;
		};
		0CD311382E35F621002D46EF /* Build configuration list for PBXNativeTarget "media-library-demoTests" */ = {
			isa = XCConfigurationList;
			buildConfigurations = (
				0CD311392E35F621002D46EF /* Debug */,
				0CD3113A2E35F621002D46EF /* Release */,
			);
			defaultConfigurationIsVisible = 0;
			defaultConfigurationName = Release;
		};
		0CD3113B2E35F621002D46EF /* Build configuration list for PBXNativeTarget "media-library-demoUITests" */ = {
			isa = XCConfigurationList;
			buildConfigurations = (
				0CD3113C2E35F621002D46EF /* Debug */,
				0CD3113D2E35F621002D46EF /* Release */,
			);
			defaultConfigurationIsVisible = 0;
			defaultConfigurationName = Release;
		};
/* End XCConfigurationList section */

/* Begin XCLocalSwiftPackageReference section */
		0CD3114A2E35F6AD002D46EF /* XCLocalSwiftPackageReference "../../MediaLibrary" */ = {
			isa = XCLocalSwiftPackageReference;
			relativePath = ../../MediaLibrary;
		};
/* End XCLocalSwiftPackageReference section */

/* Begin XCSwiftPackageProductDependency section */
		0CD3114C2E35F700002D46EF /* MediaLibraryPresentation */ = {
			isa = XCSwiftPackageProductDependency;
			productName = MediaLibraryPresentation;
		};
/* End XCSwiftPackageProductDependency section */
	};
	rootObject = 0CD3110C2E35F620002D46EF /* Project object */;
}
