// !$*UTF8*$!
{
	archiveVersion = 1;
	classes = {
	};
	objectVersion = 77;
	objects = {

/* Begin PBXBuildFile section */
		0C4409EC2E210A3B00FA56F2 /* AppFoundation in Frameworks */ = {isa = PBXBuildFile; productRef = 0C4409EB2E210A3B00FA56F2 /* AppFoundation */; };
		0CD310C92E35EEDA002D46EF /* photo-move.xctestplan in Resources */ = {isa = PBXBuildFile; fileRef = 0CD310C82E35EEDA002D46EF /* photo-move.xctestplan */; };
/* End PBXBuildFile section */

/* Begin PBXContainerItemProxy section */
		0CA29E5D2E21080100401494 /* PBXContainerItemProxy */ = {
			isa = PBXContainerItemProxy;
			containerPortal = 0CA29E472E2107FF00401494 /* Project object */;
			proxyType = 1;
			remoteGlobalIDString = 0CA29E4E2E2107FF00401494;
			remoteInfo = "photo-move";
		};
		0CA29E672E21080100401494 /* PBXContainerItemProxy */ = {
			isa = PBXContainerItemProxy;
			containerPortal = 0CA29E472E2107FF00401494 /* Project object */;
			proxyType = 1;
			remoteGlobalIDString = 0CA29E4E2E2107FF00401494;
			remoteInfo = "photo-move";
		};
/* End PBXContainerItemProxy section */

/* Begin PBXFileReference section */
		0CA29E4F2E2107FF00401494 /* photo-move.app */ = {isa = PBXFileReference; explicitFileType = wrapper.application; includeInIndex = 0; path = "photo-move.app"; sourceTree = BUILT_PRODUCTS_DIR; };
		0CA29E5C2E21080100401494 /* photo-moveTests.xctest */ = {isa = PBXFileReference; explicitFileType = wrapper.cfbundle; includeInIndex = 0; path = "photo-moveTests.xctest"; sourceTree = BUILT_PRODUCTS_DIR; };
		0CA29E662E21080100401494 /* photo-moveUITests.xctest */ = {isa = PBXFileReference; explicitFileType = wrapper.cfbundle; includeInIndex = 0; path = "photo-moveUITests.xctest"; sourceTree = BUILT_PRODUCTS_DIR; };
		0CD310C82E35EEDA002D46EF /* photo-move.xctestplan */ = {isa = PBXFileReference; lastKnownFileType = text; path = "photo-move.xctestplan"; sourceTree = "<group>"; };
/* End PBXFileReference section */

/* Begin PBXFileSystemSynchronizedRootGroup section */
		0CA29E512E2107FF00401494 /* photo-move */ = {
			isa = PBXFileSystemSynchronizedRootGroup;
			path = "photo-move";
			sourceTree = "<group>";
		};
		0CA29E5F2E21080100401494 /* photo-moveTests */ = {
			isa = PBXFileSystemSynchronizedRootGroup;
			path = "photo-moveTests";
			sourceTree = "<group>";
		};
		0CA29E692E21080100401494 /* photo-moveUITests */ = {
			isa = PBXFileSystemSynchronizedRootGroup;
			path = "photo-moveUITests";
			sourceTree = "<group>";
		};
/* End PBXFileSystemSynchronizedRootGroup section */

/* Begin PBXFrameworksBuildPhase section */
		0CA29E4C2E2107FF00401494 /* Frameworks */ = {
			isa = PBXFrameworksBuildPhase;
			buildActionMask = 2147483647;
			files = (
				0C4409EC2E210A3B00FA56F2 /* AppFoundation in Frameworks */,
			);
			runOnlyForDeploymentPostprocessing = 0;
		};
		0CA29E592E21080100401494 /* Frameworks */ = {
			isa = PBXFrameworksBuildPhase;
			buildActionMask = 2147483647;
			files = (
			);
			runOnlyForDeploymentPostprocessing = 0;
		};
		0CA29E632E21080100401494 /* Frameworks */ = {
			isa = PBXFrameworksBuildPhase;
			buildActionMask = 2147483647;
			files = (
			);
			runOnlyForDeploymentPostprocessing = 0;
		};
/* End PBXFrameworksBuildPhase section */

/* Begin PBXGroup section */
		0CA29E462E2107FF00401494 = {
			isa = PBXGroup;
			children = (
				0CD310C82E35EEDA002D46EF /* photo-move.xctestplan */,
				0CA29E512E2107FF00401494 /* photo-move */,
				0CA29E5F2E21080100401494 /* photo-moveTests */,
				0CA29E692E21080100401494 /* photo-moveUITests */,
				0CA29E502E2107FF00401494 /* Products */,
			);
			sourceTree = "<group>";
		};
		0CA29E502E2107FF00401494 /* Products */ = {
			isa = PBXGroup;
			children = (
				0CA29E4F2E2107FF00401494 /* photo-move.app */,
				0CA29E5C2E21080100401494 /* photo-moveTests.xctest */,
				0CA29E662E21080100401494 /* photo-moveUITests.xctest */,
			);
			name = Products;
			sourceTree = "<group>";
		};
/* End PBXGroup section */

/* Begin PBXNativeTarget section */
		0CA29E4E2E2107FF00401494 /* photo-move */ = {
			isa = PBXNativeTarget;
			buildConfigurationList = 0CA29E702E21080100401494 /* Build configuration list for PBXNativeTarget "photo-move" */;
			buildPhases = (
				0C86E8242E28326F003CE59D /* ShellScript */,
				0CA29E4B2E2107FF00401494 /* Sources */,
				0CA29E4C2E2107FF00401494 /* Frameworks */,
				0CA29E4D2E2107FF00401494 /* Resources */,
			);
			buildRules = (
			);
			dependencies = (
			);
			fileSystemSynchronizedGroups = (
				0CA29E512E2107FF00401494 /* photo-move */,
			);
			name = "photo-move";
			packageProductDependencies = (
				0C4409EB2E210A3B00FA56F2 /* AppFoundation */,
			);
			productName = "photo-move";
			productReference = 0CA29E4F2E2107FF00401494 /* photo-move.app */;
			productType = "com.apple.product-type.application";
		};
		0CA29E5B2E21080100401494 /* photo-moveTests */ = {
			isa = PBXNativeTarget;
			buildConfigurationList = 0CA29E732E21080100401494 /* Build configuration list for PBXNativeTarget "photo-moveTests" */;
			buildPhases = (
				0CA29E582E21080100401494 /* Sources */,
				0CA29E592E21080100401494 /* Frameworks */,
				0CA29E5A2E21080100401494 /* Resources */,
			);
			buildRules = (
			);
			dependencies = (
				0CA29E5E2E21080100401494 /* PBXTargetDependency */,
			);
			fileSystemSynchronizedGroups = (
				0CA29E5F2E21080100401494 /* photo-moveTests */,
			);
			name = "photo-moveTests";
			packageProductDependencies = (
			);
			productName = "photo-moveTests";
			productReference = 0CA29E5C2E21080100401494 /* photo-moveTests.xctest */;
			productType = "com.apple.product-type.bundle.unit-test";
		};
		0CA29E652E21080100401494 /* photo-moveUITests */ = {
			isa = PBXNativeTarget;
			buildConfigurationList = 0CA29E762E21080100401494 /* Build configuration list for PBXNativeTarget "photo-moveUITests" */;
			buildPhases = (
				0CA29E622E21080100401494 /* Sources */,
				0CA29E632E21080100401494 /* Frameworks */,
				0CA29E642E21080100401494 /* Resources */,
			);
			buildRules = (
			);
			dependencies = (
				0CA29E682E21080100401494 /* PBXTargetDependency */,
			);
			fileSystemSynchronizedGroups = (
				0CA29E692E21080100401494 /* photo-moveUITests */,
			);
			name = "photo-moveUITests";
			packageProductDependencies = (
			);
			productName = "photo-moveUITests";
			productReference = 0CA29E662E21080100401494 /* photo-moveUITests.xctest */;
			productType = "com.apple.product-type.bundle.ui-testing";
		};
/* End PBXNativeTarget section */

/* Begin PBXProject section */
		0CA29E472E2107FF00401494 /* Project object */ = {
			isa = PBXProject;
			attributes = {
				BuildIndependentTargetsInParallel = 1;
				LastSwiftUpdateCheck = 1630;
				LastUpgradeCheck = 2600;
				TargetAttributes = {
					0CA29E4E2E2107FF00401494 = {
						CreatedOnToolsVersion = 16.3;
					};
					0CA29E5B2E21080100401494 = {
						CreatedOnToolsVersion = 16.3;
						TestTargetID = 0CA29E4E2E2107FF00401494;
					};
					0CA29E652E21080100401494 = {
						CreatedOnToolsVersion = 16.3;
						TestTargetID = 0CA29E4E2E2107FF00401494;
					};
				};
			};
			buildConfigurationList = 0CA29E4A2E2107FF00401494 /* Build configuration list for PBXProject "photo-move" */;
			developmentRegion = en;
			hasScannedForEncodings = 0;
			knownRegions = (
				en,
				Base,
			);
			mainGroup = 0CA29E462E2107FF00401494;
			minimizedProjectReferenceProxies = 1;
			packageReferences = (
				0C4409EA2E210A3B00FA56F2 /* XCLocalSwiftPackageReference "../AppFoundation" */,
			);
			preferredProjectObjectVersion = 77;
			productRefGroup = 0CA29E502E2107FF00401494 /* Products */;
			projectDirPath = "";
			projectRoot = "";
			targets = (
				0CA29E4E2E2107FF00401494 /* photo-move */,
				0CA29E5B2E21080100401494 /* photo-moveTests */,
				0CA29E652E21080100401494 /* photo-moveUITests */,
			);
		};
/* End PBXProject section */

/* Begin PBXResourcesBuildPhase section */
		0CA29E4D2E2107FF00401494 /* Resources */ = {
			isa = PBXResourcesBuildPhase;
			buildActionMask = 2147483647;
			files = (
				0CD310C92E35EEDA002D46EF /* photo-move.xctestplan in Resources */,
			);
			runOnlyForDeploymentPostprocessing = 0;
		};
		0CA29E5A2E21080100401494 /* Resources */ = {
			isa = PBXResourcesBuildPhase;
			buildActionMask = 2147483647;
			files = (
			);
			runOnlyForDeploymentPostprocessing = 0;
		};
		0CA29E642E21080100401494 /* Resources */ = {
			isa = PBXResourcesBuildPhase;
			buildActionMask = 2147483647;
			files = (
			);
			runOnlyForDeploymentPostprocessing = 0;
		};
/* End PBXResourcesBuildPhase section */

/* Begin PBXShellScriptBuildPhase section */
		0C86E8242E28326F003CE59D /* ShellScript */ = {
			isa = PBXShellScriptBuildPhase;
			alwaysOutOfDate = 1;
			buildActionMask = 2147483647;
			files = (
			);
			inputFileListPaths = (
			);
			inputPaths = (
			);
			outputFileListPaths = (
			);
			outputPaths = (
			);
			runOnlyForDeploymentPostprocessing = 0;
			shellPath = /bin/sh;
			shellScript = "if [ -f \"${SRCROOT}/../Scripts/xcode-swiftformat.sh\" ]; then\n    \"${SRCROOT}/../Scripts/xcode-swiftformat.sh\"\nfi\n";
		};
/* End PBXShellScriptBuildPhase section */

/* Begin PBXSourcesBuildPhase section */
		0CA29E4B2E2107FF00401494 /* Sources */ = {
			isa = PBXSourcesBuildPhase;
			buildActionMask = 2147483647;
			files = (
			);
			runOnlyForDeploymentPostprocessing = 0;
		};
		0CA29E582E21080100401494 /* Sources */ = {
			isa = PBXSourcesBuildPhase;
			buildActionMask = 2147483647;
			files = (
			);
			runOnlyForDeploymentPostprocessing = 0;
		};
		0CA29E622E21080100401494 /* Sources */ = {
			isa = PBXSourcesBuildPhase;
			buildActionMask = 2147483647;
			files = (
			);
			runOnlyForDeploymentPostprocessing = 0;
		};
/* End PBXSourcesBuildPhase section */

/* Begin PBXTargetDependency section */
		0CA29E5E2E21080100401494 /* PBXTargetDependency */ = {
			isa = PBXTargetDependency;
			target = 0CA29E4E2E2107FF00401494 /* photo-move */;
			targetProxy = 0CA29E5D2E21080100401494 /* PBXContainerItemProxy */;
		};
		0CA29E682E21080100401494 /* PBXTargetDependency */ = {
			isa = PBXTargetDependency;
			target = 0CA29E4E2E2107FF00401494 /* photo-move */;
			targetProxy = 0CA29E672E21080100401494 /* PBXContainerItemProxy */;
		};
/* End PBXTargetDependency section */

/* Begin XCBuildConfiguration section */
		0CA29E6E2E21080100401494 /* Debug */ = {
			isa = XCBuildConfiguration;
			buildSettings = {
				ALWAYS_SEARCH_USER_PATHS = NO;
				ASSETCATALOG_COMPILER_GENERATE_SWIFT_ASSET_SYMBOL_EXTENSIONS = YES;
				CLANG_ANALYZER_NONNULL = YES;
				CLANG_ANALYZER_NUMBER_OBJECT_CONVERSION = YES_AGGRESSIVE;
				CLANG_CXX_LANGUAGE_STANDARD = "gnu++20";
				CLANG_ENABLE_MODULES = YES;
				CLANG_ENABLE_OBJC_ARC = YES;
				CLANG_ENABLE_OBJC_WEAK = YES;
				CLANG_WARN_BLOCK_CAPTURE_AUTORELEASING = YES;
				CLANG_WARN_BOOL_CONVERSION = YES;
				CLANG_WARN_COMMA = YES;
				CLANG_WARN_CONSTANT_CONVERSION = YES;
				CLANG_WARN_DEPRECATED_OBJC_IMPLEMENTATIONS = YES;
				CLANG_WARN_DIRECT_OBJC_ISA_USAGE = YES_ERROR;
				CLANG_WARN_DOCUMENTATION_COMMENTS = YES;
				CLANG_WARN_EMPTY_BODY = YES;
				CLANG_WARN_ENUM_CONVERSION = YES;
				CLANG_WARN_INFINITE_RECURSION = YES;
				CLANG_WARN_INT_CONVERSION = YES;
				CLANG_WARN_NON_LITERAL_NULL_CONVERSION = YES;
				CLANG_WARN_OBJC_IMPLICIT_RETAIN_SELF = YES;
				CLANG_WARN_OBJC_LITERAL_CONVERSION = YES;
				CLANG_WARN_OBJC_ROOT_CLASS = YES_ERROR;
				CLANG_WARN_QUOTED_INCLUDE_IN_FRAMEWORK_HEADER = YES;
				CLANG_WARN_RANGE_LOOP_ANALYSIS = YES;
				CLANG_WARN_STRICT_PROTOTYPES = YES;
				CLANG_WARN_SUSPICIOUS_MOVE = YES;
				CLANG_WARN_UNGUARDED_AVAILABILITY = YES_AGGRESSIVE;
				CLANG_WARN_UNREACHABLE_CODE = YES;
				CLANG_WARN__DUPLICATE_METHOD_MATCH = YES;
				COPY_PHASE_STRIP = NO;
				DEBUG_INFORMATION_FORMAT = dwarf;
				DEVELOPMENT_TEAM = U2W9UR892A;
				ENABLE_STRICT_OBJC_MSGSEND = YES;
				ENABLE_TESTABILITY = YES;
				ENABLE_USER_SCRIPT_SANDBOXING = NO;
				GCC_C_LANGUAGE_STANDARD = gnu17;
				GCC_DYNAMIC_NO_PIC = NO;
				GCC_NO_COMMON_BLOCKS = YES;
				GCC_OPTIMIZATION_LEVEL = 0;
				GCC_PREPROCESSOR_DEFINITIONS = (
					"DEBUG=1",
					"$(inherited)",
				);
				GCC_WARN_64_TO_32_BIT_CONVERSION = YES;
				GCC_WARN_ABOUT_RETURN_TYPE = YES_ERROR;
				GCC_WARN_UNDECLARED_SELECTOR = YES;
				GCC_WARN_UNINITIALIZED_AUTOS = YES_AGGRESSIVE;
				GCC_WARN_UNUSED_FUNCTION = YES;
				GCC_WARN_UNUSED_VARIABLE = YES;
				IPHONEOS_DEPLOYMENT_TARGET = 18.4;
				LOCALIZATION_PREFERS_STRING_CATALOGS = YES;
				MTL_ENABLE_DEBUG_INFO = INCLUDE_SOURCE;
				MTL_FAST_MATH = YES;
				ONLY_ACTIVE_ARCH = YES;
				SDKROOT = iphoneos;
				STRING_CATALOG_GENERATE_SYMBOLS = YES;
				SWIFT_ACTIVE_COMPILATION_CONDITIONS = "DEBUG $(inherited)";
				SWIFT_OPTIMIZATION_LEVEL = "-Onone";
			};
			name = Debug;
		};
		0CA29E6F2E21080100401494 /* Release */ = {
			isa = XCBuildConfiguration;
			buildSettings = {
				ALWAYS_SEARCH_USER_PATHS = NO;
				ASSETCATALOG_COMPILER_GENERATE_SWIFT_ASSET_SYMBOL_EXTENSIONS = YES;
				CLANG_ANALYZER_NONNULL = YES;
				CLANG_ANALYZER_NUMBER_OBJECT_CONVERSION = YES_AGGRESSIVE;
				CLANG_CXX_LANGUAGE_STANDARD = "gnu++20";
				CLANG_ENABLE_MODULES = YES;
				CLANG_ENABLE_OBJC_ARC = YES;
				CLANG_ENABLE_OBJC_WEAK = YES;
				CLANG_WARN_BLOCK_CAPTURE_AUTORELEASING = YES;
				CLANG_WARN_BOOL_CONVERSION = YES;
				CLANG_WARN_COMMA = YES;
				CLANG_WARN_CONSTANT_CONVERSION = YES;
				CLANG_WARN_DEPRECATED_OBJC_IMPLEMENTATIONS = YES;
				CLANG_WARN_DIRECT_OBJC_ISA_USAGE = YES_ERROR;
				CLANG_WARN_DOCUMENTATION_COMMENTS = YES;
				CLANG_WARN_EMPTY_BODY = YES;
				CLANG_WARN_ENUM_CONVERSION = YES;
				CLANG_WARN_INFINITE_RECURSION = YES;
				CLANG_WARN_INT_CONVERSION = YES;
				CLANG_WARN_NON_LITERAL_NULL_CONVERSION = YES;
				CLANG_WARN_OBJC_IMPLICIT_RETAIN_SELF = YES;
				CLANG_WARN_OBJC_LITERAL_CONVERSION = YES;
				CLANG_WARN_OBJC_ROOT_CLASS = YES_ERROR;
				CLANG_WARN_QUOTED_INCLUDE_IN_FRAMEWORK_HEADER = YES;
				CLANG_WARN_RANGE_LOOP_ANALYSIS = YES;
				CLANG_WARN_STRICT_PROTOTYPES = YES;
				CLANG_WARN_SUSPICIOUS_MOVE = YES;
				CLANG_WARN_UNGUARDED_AVAILABILITY = YES_AGGRESSIVE;
				CLANG_WARN_UNREACHABLE_CODE = YES;
				CLANG_WARN__DUPLICATE_METHOD_MATCH = YES;
				COPY_PHASE_STRIP = NO;
				DEBUG_INFORMATION_FORMAT = "dwarf-with-dsym";
				DEVELOPMENT_TEAM = U2W9UR892A;
				ENABLE_NS_ASSERTIONS = NO;
				ENABLE_STRICT_OBJC_MSGSEND = YES;
				ENABLE_USER_SCRIPT_SANDBOXING = NO;
				GCC_C_LANGUAGE_STANDARD = gnu17;
				GCC_NO_COMMON_BLOCKS = YES;
				GCC_WARN_64_TO_32_BIT_CONVERSION = YES;
				GCC_WARN_ABOUT_RETURN_TYPE = YES_ERROR;
				GCC_WARN_UNDECLARED_SELECTOR = YES;
				GCC_WARN_UNINITIALIZED_AUTOS = YES_AGGRESSIVE;
				GCC_WARN_UNUSED_FUNCTION = YES;
				GCC_WARN_UNUSED_VARIABLE = YES;
				IPHONEOS_DEPLOYMENT_TARGET = 18.4;
				LOCALIZATION_PREFERS_STRING_CATALOGS = YES;
				MTL_ENABLE_DEBUG_INFO = NO;
				MTL_FAST_MATH = YES;
				SDKROOT = iphoneos;
				STRING_CATALOG_GENERATE_SYMBOLS = YES;
				SWIFT_COMPILATION_MODE = wholemodule;
				VALIDATE_PRODUCT = YES;
			};
			name = Release;
		};
		0CA29E712E21080100401494 /* Debug */ = {
			isa = XCBuildConfiguration;
			buildSettings = {
				ASSETCATALOG_COMPILER_APPICON_NAME = AppIcon;
				ASSETCATALOG_COMPILER_GLOBAL_ACCENT_COLOR_NAME = AccentColor;
				CODE_SIGN_STYLE = Automatic;
				CURRENT_PROJECT_VERSION = 1;
				DEVELOPMENT_TEAM = U2W9UR892A;
				ENABLE_PREVIEWS = YES;
				GENERATE_INFOPLIST_FILE = YES;
				INFOPLIST_KEY_NSPhotoLibraryAddUsageDescription = "This app needs access to your photo library to save photos.";
				INFOPLIST_KEY_NSPhotoLibraryUsageDescription = "This app needs access to your photo library to display and manage photos.";
				INFOPLIST_KEY_UIApplicationSceneManifest_Generation = YES;
				INFOPLIST_KEY_UIApplicationSupportsIndirectInputEvents = YES;
				INFOPLIST_KEY_UILaunchScreen_Generation = YES;
				INFOPLIST_KEY_UISupportedInterfaceOrientations_iPad = "UIInterfaceOrientationPortrait UIInterfaceOrientationPortraitUpsideDown UIInterfaceOrientationLandscapeLeft UIInterfaceOrientationLandscapeRight";
				INFOPLIST_KEY_UISupportedInterfaceOrientations_iPhone = "UIInterfaceOrientationPortrait UIInterfaceOrientationLandscapeLeft UIInterfaceOrientationLandscapeRight";
				IPHONEOS_DEPLOYMENT_TARGET = 15.0;
				LD_RUNPATH_SEARCH_PATHS = (
					"$(inherited)",
					"@executable_path/Frameworks",
				);
				MARKETING_VERSION = 1.0;
				PRODUCT_BUNDLE_IDENTIFIER = "com.haludoll.photo-move";
				PRODUCT_NAME = "$(TARGET_NAME)";
				SUPPORTED_PLATFORMS = "iphoneos iphonesimulator";
				SUPPORTS_MACCATALYST = NO;
				SUPPORTS_MAC_DESIGNED_FOR_IPHONE_IPAD = NO;
				SUPPORTS_XR_DESIGNED_FOR_IPHONE_IPAD = NO;
				SWIFT_EMIT_LOC_STRINGS = YES;
				SWIFT_VERSION = 5.0;
				TARGETED_DEVICE_FAMILY = 1;
			};
			name = Debug;
		};
		0CA29E722E21080100401494 /* Release */ = {
			isa = XCBuildConfiguration;
			buildSettings = {
				ASSETCATALOG_COMPILER_APPICON_NAME = AppIcon;
				ASSETCATALOG_COMPILER_GLOBAL_ACCENT_COLOR_NAME = AccentColor;
				CODE_SIGN_STYLE = Automatic;
				CURRENT_PROJECT_VERSION = 1;
				DEVELOPMENT_TEAM = U2W9UR892A;
				ENABLE_PREVIEWS = YES;
				GENERATE_INFOPLIST_FILE = YES;
				INFOPLIST_KEY_NSPhotoLibraryAddUsageDescription = "This app needs access to your photo library to save photos.";
				INFOPLIST_KEY_NSPhotoLibraryUsageDescription = "This app needs access to your photo library to display and manage photos.";
				INFOPLIST_KEY_UIApplicationSceneManifest_Generation = YES;
				INFOPLIST_KEY_UIApplicationSupportsIndirectInputEvents = YES;
				INFOPLIST_KEY_UILaunchScreen_Generation = YES;
				INFOPLIST_KEY_UISupportedInterfaceOrientations_iPad = "UIInterfaceOrientationPortrait UIInterfaceOrientationPortraitUpsideDown UIInterfaceOrientationLandscapeLeft UIInterfaceOrientationLandscapeRight";
				INFOPLIST_KEY_UISupportedInterfaceOrientations_iPhone = "UIInterfaceOrientationPortrait UIInterfaceOrientationLandscapeLeft UIInterfaceOrientationLandscapeRight";
				IPHONEOS_DEPLOYMENT_TARGET = 15.0;
				LD_RUNPATH_SEARCH_PATHS = (
					"$(inherited)",
					"@executable_path/Frameworks",
				);
				MARKETING_VERSION = 1.0;
				PRODUCT_BUNDLE_IDENTIFIER = "com.haludoll.photo-move";
				PRODUCT_NAME = "$(TARGET_NAME)";
				SUPPORTED_PLATFORMS = "iphoneos iphonesimulator";
				SUPPORTS_MACCATALYST = NO;
				SUPPORTS_MAC_DESIGNED_FOR_IPHONE_IPAD = NO;
				SUPPORTS_XR_DESIGNED_FOR_IPHONE_IPAD = NO;
				SWIFT_EMIT_LOC_STRINGS = YES;
				SWIFT_VERSION = 5.0;
				TARGETED_DEVICE_FAMILY = 1;
			};
			name = Release;
		};
		0CA29E742E21080100401494 /* Debug */ = {
			isa = XCBuildConfiguration;
			buildSettings = {
				BUNDLE_LOADER = "$(TEST_HOST)";
				CODE_SIGN_STYLE = Automatic;
				CURRENT_PROJECT_VERSION = 1;
				DEVELOPMENT_TEAM = U2W9UR892A;
				GENERATE_INFOPLIST_FILE = YES;
				IPHONEOS_DEPLOYMENT_TARGET = 18.4;
				MARKETING_VERSION = 1.0;
				PRODUCT_BUNDLE_IDENTIFIER = "com.haludoll.photo-moveTests";
				PRODUCT_NAME = "$(TARGET_NAME)";
				SUPPORTED_PLATFORMS = "iphoneos iphonesimulator";
				SUPPORTS_MACCATALYST = NO;
				SUPPORTS_MAC_DESIGNED_FOR_IPHONE_IPAD = NO;
				SUPPORTS_XR_DESIGNED_FOR_IPHONE_IPAD = NO;
				SWIFT_EMIT_LOC_STRINGS = NO;
				SWIFT_VERSION = 5.0;
				TARGETED_DEVICE_FAMILY = 1;
				TEST_HOST = "$(BUILT_PRODUCTS_DIR)/photo-move.app/$(BUNDLE_EXECUTABLE_FOLDER_PATH)/photo-move";
			};
			name = Debug;
		};
		0CA29E752E21080100401494 /* Release */ = {
			isa = XCBuildConfiguration;
			buildSettings = {
				BUNDLE_LOADER = "$(TEST_HOST)";
				CODE_SIGN_STYLE = Automatic;
				CURRENT_PROJECT_VERSION = 1;
				DEVELOPMENT_TEAM = U2W9UR892A;
				GENERATE_INFOPLIST_FILE = YES;
				IPHONEOS_DEPLOYMENT_TARGET = 18.4;
				MARKETING_VERSION = 1.0;
				PRODUCT_BUNDLE_IDENTIFIER = "com.haludoll.photo-moveTests";
				PRODUCT_NAME = "$(TARGET_NAME)";
				SUPPORTED_PLATFORMS = "iphoneos iphonesimulator";
				SUPPORTS_MACCATALYST = NO;
				SUPPORTS_MAC_DESIGNED_FOR_IPHONE_IPAD = NO;
				SUPPORTS_XR_DESIGNED_FOR_IPHONE_IPAD = NO;
				SWIFT_EMIT_LOC_STRINGS = NO;
				SWIFT_VERSION = 5.0;
				TARGETED_DEVICE_FAMILY = 1;
				TEST_HOST = "$(BUILT_PRODUCTS_DIR)/photo-move.app/$(BUNDLE_EXECUTABLE_FOLDER_PATH)/photo-move";
			};
			name = Release;
		};
		0CA29E772E21080100401494 /* Debug */ = {
			isa = XCBuildConfiguration;
			buildSettings = {
				CODE_SIGN_STYLE = Automatic;
				CURRENT_PROJECT_VERSION = 1;
				DEVELOPMENT_TEAM = U2W9UR892A;
				GENERATE_INFOPLIST_FILE = YES;
				MARKETING_VERSION = 1.0;
				PRODUCT_BUNDLE_IDENTIFIER = "com.haludoll.photo-moveUITests";
				PRODUCT_NAME = "$(TARGET_NAME)";
				SUPPORTED_PLATFORMS = "iphoneos iphonesimulator";
				SUPPORTS_MACCATALYST = NO;
				SUPPORTS_MAC_DESIGNED_FOR_IPHONE_IPAD = NO;
				SUPPORTS_XR_DESIGNED_FOR_IPHONE_IPAD = NO;
				SWIFT_EMIT_LOC_STRINGS = NO;
				SWIFT_VERSION = 5.0;
				TARGETED_DEVICE_FAMILY = 1;
				TEST_TARGET_NAME = "photo-move";
			};
			name = Debug;
		};
		0CA29E782E21080100401494 /* Release */ = {
			isa = XCBuildConfiguration;
			buildSettings = {
				CODE_SIGN_STYLE = Automatic;
				CURRENT_PROJECT_VERSION = 1;
				DEVELOPMENT_TEAM = U2W9UR892A;
				GENERATE_INFOPLIST_FILE = YES;
				MARKETING_VERSION = 1.0;
				PRODUCT_BUNDLE_IDENTIFIER = "com.haludoll.photo-moveUITests";
				PRODUCT_NAME = "$(TARGET_NAME)";
				SUPPORTED_PLATFORMS = "iphoneos iphonesimulator";
				SUPPORTS_MACCATALYST = NO;
				SUPPORTS_MAC_DESIGNED_FOR_IPHONE_IPAD = NO;
				SUPPORTS_XR_DESIGNED_FOR_IPHONE_IPAD = NO;
				SWIFT_EMIT_LOC_STRINGS = NO;
				SWIFT_VERSION = 5.0;
				TARGETED_DEVICE_FAMILY = 1;
				TEST_TARGET_NAME = "photo-move";
			};
			name = Release;
		};
/* End XCBuildConfiguration section */

/* Begin XCConfigurationList section */
		0CA29E4A2E2107FF00401494 /* Build configuration list for PBXProject "photo-move" */ = {
			isa = XCConfigurationList;
			buildConfigurations = (
				0CA29E6E2E21080100401494 /* Debug */,
				0CA29E6F2E21080100401494 /* Release */,
			);
			defaultConfigurationIsVisible = 0;
			defaultConfigurationName = Release;
		};
		0CA29E702E21080100401494 /* Build configuration list for PBXNativeTarget "photo-move" */ = {
			isa = XCConfigurationList;
			buildConfigurations = (
				0CA29E712E21080100401494 /* Debug */,
				0CA29E722E21080100401494 /* Release */,
			);
			defaultConfigurationIsVisible = 0;
			defaultConfigurationName = Release;
		};
		0CA29E732E21080100401494 /* Build configuration list for PBXNativeTarget "photo-moveTests" */ = {
			isa = XCConfigurationList;
			buildConfigurations = (
				0CA29E742E21080100401494 /* Debug */,
				0CA29E752E21080100401494 /* Release */,
			);
			defaultConfigurationIsVisible = 0;
			defaultConfigurationName = Release;
		};
		0CA29E762E21080100401494 /* Build configuration list for PBXNativeTarget "photo-moveUITests" */ = {
			isa = XCConfigurationList;
			buildConfigurations = (
				0CA29E772E21080100401494 /* Debug */,
				0CA29E782E21080100401494 /* Release */,
			);
			defaultConfigurationIsVisible = 0;
			defaultConfigurationName = Release;
		};
/* End XCConfigurationList section */

/* Begin XCLocalSwiftPackageReference section */
		0C4409EA2E210A3B00FA56F2 /* XCLocalSwiftPackageReference "../AppFoundation" */ = {
			isa = XCLocalSwiftPackageReference;
			relativePath = ../AppFoundation;
		};
/* End XCLocalSwiftPackageReference section */

/* Begin XCSwiftPackageProductDependency section */
		0C4409EB2E210A3B00FA56F2 /* AppFoundation */ = {
			isa = XCSwiftPackageProductDependency;
			productName = AppFoundation;
		};
/* End XCSwiftPackageProductDependency section */
	};
	rootObject = 0CA29E472E2107FF00401494 /* Project object */;
}
